
Microsoft Visual Studio Solution File, Format Version 12.00
# Visual Studio 14
VisualStudioVersion = 14.0.24720.0
MinimumVisualStudioVersion = 10.0.40219.1
Project("{FAE04EC0-301F-11D3-BF4B-00C04F79EFBC}") = "appbase", "appbase\appbase.csproj", "{2E049283-4507-4EB0-A15D-F5E0B756B5CB}"
	ProjectSection(ProjectDependencies) = postProject
		{A6C3A23B-C045-4589-A83A-62E5E153E18E} = {A6C3A23B-C045-4589-A83A-62E5E153E18E}
	EndProjectSection
EndProject
Project("{FAE04EC0-301F-11D3-BF4B-00C04F79EFBC}") = "WolframAlpha.NET", "WolframAlpha.NET\WolframAlpha.NET.csproj", "{A6C3A23B-C045-4589-A83A-62E5E153E18E}"
EndProject
Project("{2150E333-8FDC-42A3-9474-1A3956D46DE8}") = ".nuGET", ".nuGET", "{A84E0CAC-428C-4BA3-A4DB-E9435471A485}"
	ProjectSection(SolutionItems) = preProject
		.nuget\NuGet.Config = .nuget\NuGet.Config
		.nuget\NuGet.exe = .nuget\NuGet.exe
		.nuget\NuGet.targets = .nuget\NuGet.targets
	EndProjectSection
EndProject
Global
	GlobalSection(SolutionConfigurationPlatforms) = preSolution
		Debug|Any CPU = Debug|Any CPU
		Debug|x64 = Debug|x64
		Debug|x86 = Debug|x86
		Release|Any CPU = Release|Any CPU
		Release|x64 = Release|x64
		Release|x86 = Release|x86
	EndGlobalSection
	GlobalSection(ProjectConfigurationPlatforms) = postSolution
		{2E049283-4507-4EB0-A15D-F5E0B756B5CB}.Debug|Any CPU.ActiveCfg = Debug|Any CPU
		{2E049283-4507-4EB0-A15D-F5E0B756B5CB}.Debug|Any CPU.Build.0 = Debug|Any CPU
		{2E049283-4507-4EB0-A15D-F5E0B756B5CB}.Debug|x64.ActiveCfg = Debug|Any CPU
		{2E049283-4507-4EB0-A15D-F5E0B756B5CB}.Debug|x64.Build.0 = Debug|Any CPU
		{2E049283-4507-4EB0-A15D-F5E0B756B5CB}.Debug|x86.ActiveCfg = Debug|Any CPU
		{2E049283-4507-4EB0-A15D-F5E0B756B5CB}.Debug|x86.Build.0 = Debug|Any CPU
		{2E049283-4507-4EB0-A15D-F5E0B756B5CB}.Release|Any CPU.ActiveCfg = Release|Any CPU
		{2E049283-4507-4EB0-A15D-F5E0B756B5CB}.Release|Any CPU.Build.0 = Release|Any CPU
		{2E049283-4507-4EB0-A15D-F5E0B756B5CB}.Release|x64.ActiveCfg = Release|Any CPU
		{2E049283-4507-4EB0-A15D-F5E0B756B5CB}.Release|x64.Build.0 = Release|Any CPU
		{2E049283-4507-4EB0-A15D-F5E0B756B5CB}.Release|x86.ActiveCfg = Release|Any CPU
		{2E049283-4507-4EB0-A15D-F5E0B756B5CB}.Release|x86.Build.0 = Release|Any CPU
		{A6C3A23B-C045-4589-A83A-62E5E153E18E}.Debug|Any CPU.ActiveCfg = Debug|Any CPU
		{A6C3A23B-C045-4589-A83A-62E5E153E18E}.Debug|Any CPU.Build.0 = Debug|Any CPU
		{A6C3A23B-C045-4589-A83A-62E5E153E18E}.Debug|x64.ActiveCfg = Debug|Any CPU
		{A6C3A23B-C045-4589-A83A-62E5E153E18E}.Debug|x64.Build.0 = Debug|Any CPU
		{A6C3A23B-C045-4589-A83A-62E5E153E18E}.Debug|x86.ActiveCfg = Debug|Any CPU
		{A6C3A23B-C045-4589-A83A-62E5E153E18E}.Debug|x86.Build.0 = Debug|Any CPU
		{A6C3A23B-C045-4589-A83A-62E5E153E18E}.Release|Any CPU.ActiveCfg = Release|Any CPU
		{A6C3A23B-C045-4589-A83A-62E5E153E18E}.Release|Any CPU.Build.0 = Release|Any CPU
		{A6C3A23B-C045-4589-A83A-62E5E153E18E}.Release|x64.ActiveCfg = Release|Any CPU
		{A6C3A23B-C045-4589-A83A-62E5E153E18E}.Release|x64.Build.0 = Release|Any CPU
		{A6C3A23B-C045-4589-A83A-62E5E153E18E}.Release|x86.ActiveCfg = Release|Any CPU
		{A6C3A23B-C045-4589-A83A-62E5E153E18E}.Release|x86.Build.0 = Release|Any CPU
	EndGlobalSection
	GlobalSection(SolutionProperties) = preSolution
		HideSolutionNode = FALSE
	EndGlobalSection
EndGlobal
